{
  "object": {
    "pins": [
      {
        "package": "DeviceKit",
        "repositoryURL": "https://github.com/devicekit/DeviceKit",
        "state": {
          "branch": null,
          "revision": "da57c444cbb7b6159aa871534d4cf2616d1d55c6",
          "version": "4.5.2"
        }
      },
      {
        "package": "GoTrue",
        "repositoryURL": "https://github.com/supabase/gotrue-swift.git",
        "state": {
          "branch": "main",
          "revision": "e84718e5a5183f7c2b98c6d086916d617bc74712",
          "version": null
        }
      },
      {
        "package": "PostgREST",
        "repositoryURL": "https://github.com/supabase/postgrest-swift",
        "state": {
          "branch": "master",
          "revision": "bd7dcf89812edae4938111bdf14c6b3d2445c57c",
          "version": null
        }
      },
      {
        "package": "Realtime",
        "repositoryURL": "https://github.com/supabase/realtime-swift.git",
        "state": {
          "branch": "main",
          "revision": "a65d04c31db2ee7711306ceb316e71d8e1ede4bf",
          "version": null
        }
      },
      {
        "package": "Starscream",
        "repositoryURL": "https://github.com/daltoniam/Starscream.git",
        "state": {
          "branch": null,
          "revision": "e6b65c6d9077ea48b4a7bdda8994a1d3c6969c8d",
          "version": "3.1.1"
        }
      },
      {
        "package": "SupabaseStorage",
        "repositoryURL": "https://github.com/supabase/storage-swift.git",
        "state": {
          "branch": "main",
          "revision": "ecc1b8b860cc67096be241f15d370451ed93f3ae",
          "version": null
        }
      },
      {
        "package": "Supabase",
        "repositoryURL": "https://github.com/supabase-community/supabase-swift",
        "state": {
          "branch": "master",
          "revision": "13e11b1f46b5309ea5cafd59542112b9ab9718d4",
          "version": null
        }
      },
      {
        "package": "swift-nio-zlib-support",
        "repositoryURL": "https://github.com/apple/swift-nio-zlib-support.git",
        "state": {
          "branch": null,
          "revision": "37760e9a52030bb9011972c5213c3350fa9d41fd",
          "version": "1.0.0"
        }
      }
    ]
  },
  "version": 1
}
